# generated by rye
# use `rye lock` or `rye sync` to update this lockfile
#
# last locked with the following flags:
#   pre: false
#   features: []
#   all-features: true
#   with-sources: false

-e file:.
absl-py==2.1.0
    # via tensorboard
    # via tensorflow
asttokens==2.4.1
    # via stack-data
astunparse==1.6.3
    # via tensorflow
cachetools==5.3.3
    # via google-auth
certifi==2024.6.2
    # via requests
cfgv==3.4.0
    # via pre-commit
charset-normalizer==3.3.2
    # via requests
contourpy==1.2.1
    # via matplotlib
cycler==0.12.1
    # via matplotlib
decorator==5.1.1
    # via ipython
distlib==0.3.8
    # via virtualenv
drjit==0.4.6
    # via mitsuba
executing==2.0.1
    # via stack-data
filelock==3.15.1
    # via virtualenv
flatbuffers==24.3.25
    # via tensorflow
fonttools==4.53.0
    # via matplotlib
freetype-py==2.4.0
    # via vispy
gast==0.5.4
    # via tensorflow
google-auth==2.30.0
    # via google-auth-oauthlib
    # via tensorboard
google-auth-oauthlib==1.2.0
    # via tensorboard
google-pasta==0.2.0
    # via tensorflow
grpcio==1.64.1
    # via tensorboard
    # via tensorflow
h5py==3.11.0
    # via tensorflow
hsluv==5.0.4
    # via vispy
identify==2.5.36
    # via pre-commit
idna==3.7
    # via requests
importlib-resources==6.4.0
    # via sionna
iniconfig==2.0.0
    # via pytest
ipydatawidgets==4.3.2
    # via pythreejs
    # via sionna
ipython==8.25.0
    # via ipywidgets
ipywidgets==8.0.5
    # via ipydatawidgets
    # via jupyter-rfb
    # via pythreejs
    # via sionna
jedi==0.19.1
    # via ipython
jupyter-rfb==0.4.4
    # via sionna-vispy
jupyterlab-widgets==3.0.5
    # via ipywidgets
    # via jupyter-rfb
    # via sionna
keras==2.15.0
    # via tensorflow
kiwisolver==1.4.5
    # via matplotlib
    # via vispy
libclang==18.1.1
    # via tensorflow
markdown==3.6
    # via tensorboard
markupsafe==2.1.5
    # via werkzeug
matplotlib==3.9.0
    # via sionna
matplotlib-inline==0.1.7
    # via ipython
mitsuba==3.5.2
    # via sionna
ml-dtypes==0.3.2
    # via tensorflow
nodeenv==1.9.1
    # via pre-commit
numpy==1.26.4
    # via contourpy
    # via h5py
    # via ipydatawidgets
    # via jupyter-rfb
    # via matplotlib
    # via ml-dtypes
    # via opt-einsum
    # via pythreejs
    # via scipy
    # via sionna
    # via tensorboard
    # via tensorflow
    # via vispy
oauthlib==3.2.2
    # via requests-oauthlib
opt-einsum==3.3.0
    # via tensorflow
packaging==24.1
    # via matplotlib
    # via pytest
    # via tensorflow
    # via vispy
parso==0.8.4
    # via jedi
pexpect==4.9.0
    # via ipython
pillow==10.3.0
    # via matplotlib
platformdirs==4.2.2
    # via virtualenv
pluggy==1.5.0
    # via pytest
pre-commit==3.7.1
prompt-toolkit==3.0.47
    # via ipython
protobuf==4.25.3
    # via tensorboard
    # via tensorflow
ptyprocess==0.7.0
    # via pexpect
pure-eval==0.2.2
    # via stack-data
pyasn1==0.6.0
    # via pyasn1-modules
    # via rsa
pyasn1-modules==0.4.0
    # via google-auth
pygments==2.18.0
    # via ipython
pyparsing==3.1.2
    # via matplotlib
pyside6==6.7.1
    # via sionna-vispy
pyside6-addons==6.7.1
    # via pyside6
pyside6-essentials==6.7.1
    # via pyside6
    # via pyside6-addons
pytest==8.2.2
python-dateutil==2.9.0.post0
    # via matplotlib
pythreejs==2.4.2
    # via sionna
pyyaml==6.0.1
    # via pre-commit
requests==2.32.3
    # via requests-oauthlib
    # via tensorboard
requests-oauthlib==2.0.0
    # via google-auth-oauthlib
rsa==4.9
    # via google-auth
scipy==1.13.1
    # via sionna
setuptools==70.0.0
    # via tensorboard
    # via tensorflow
shiboken6==6.7.1
    # via pyside6
    # via pyside6-addons
    # via pyside6-essentials
sionna==0.18.0
    # via sionna-vispy
six==1.16.0
    # via asttokens
    # via astunparse
    # via google-pasta
    # via python-dateutil
    # via tensorboard
    # via tensorflow
stack-data==0.6.3
    # via ipython
tensorboard==2.15.2
    # via tensorflow
tensorboard-data-server==0.7.2
    # via tensorboard
tensorflow==2.15.1
    # via sionna
tensorflow-estimator==2.15.0
    # via tensorflow
tensorflow-io-gcs-filesystem==0.37.0
    # via tensorflow
termcolor==2.4.0
    # via tensorflow
traitlets==5.14.3
    # via ipython
    # via ipywidgets
    # via matplotlib-inline
    # via pythreejs
    # via traittypes
traittypes==0.2.1
    # via ipydatawidgets
typing-extensions==4.12.2
    # via ipython
    # via tensorflow
urllib3==2.2.1
    # via requests
virtualenv==20.26.2
    # via pre-commit
vispy==0.14.2
    # via sionna-vispy
wcwidth==0.2.13
    # via prompt-toolkit
werkzeug==3.0.3
    # via tensorboard
wheel==0.43.0
    # via astunparse
widgetsnbextension==4.0.11
    # via ipywidgets
wrapt==1.14.1
    # via tensorflow
